// !$*UTF8*$!
{
	archiveVersion = 1;
	classes = {
	};
	objectVersion = 50;
	objects = {

/* Begin PBXBuildFile section */
		B338B7D422B7B70200CBDEC7 /* AppDelegate.swift in Sources */ = {isa = PBXBuildFile; fileRef = B338B7D322B7B70200CBDEC7 /* AppDelegate.swift */; };
		B338B7D622B7B70200CBDEC7 /* art.scnassets in Resources */ = {isa = PBXBuildFile; fileRef = B338B7D522B7B70200CBDEC7 /* art.scnassets */; };
		B338B7D822B7B70200CBDEC7 /* ViewController.swift in Sources */ = {isa = PBXBuildFile; fileRef = B338B7D722B7B70200CBDEC7 /* ViewController.swift */; };
		B338B7DB22B7B70200CBDEC7 /* Main.storyboard in Resources */ = {isa = PBXBuildFile; fileRef = B338B7D922B7B70200CBDEC7 /* Main.storyboard */; };
		B338B7DD22B7B70400CBDEC7 /* Assets.xcassets in Resources */ = {isa = PBXBuildFile; fileRef = B338B7DC22B7B70400CBDEC7 /* Assets.xcassets */; };
		B338B7E022B7B70400CBDEC7 /* LaunchScreen.storyboard in Resources */ = {isa = PBXBuildFile; fileRef = B338B7DE22B7B70400CBDEC7 /* LaunchScreen.storyboard */; };
/* End PBXBuildFile section */

/* Begin PBXFileReference section */
		B338B7D022B7B70200CBDEC7 /* AR-App Harshit.app */ = {isa = PBXFileReference; explicitFileType = wrapper.application; includeInIndex = 0; path = "AR-App Harshit.app"; sourceTree = BUILT_PRODUCTS_DIR; };
		B338B7D322B7B70200CBDEC7 /* AppDelegate.swift */ = {isa = PBXFileReference; lastKnownFileType = sourcecode.swift; path = AppDelegate.swift; sourceTree = "<group>"; };
		B338B7D522B7B70200CBDEC7 /* art.scnassets */ = {isa = PBXFileReference; lastKnownFileType = wrapper.scnassets; path = art.scnassets; sourceTree = "<group>"; };
		B338B7D722B7B70200CBDEC7 /* ViewController.swift */ = {isa = PBXFileReference; lastKnownFileType = sourcecode.swift; path = ViewController.swift; sourceTree = "<group>"; };
		B338B7DA22B7B70200CBDEC7 /* Base */ = {isa = PBXFileReference; lastKnownFileType = file.storyboard; name = Base; path = Base.lproj/Main.storyboard; sourceTree = "<group>"; };
		B338B7DC22B7B70400CBDEC7 /* Assets.xcassets */ = {isa = PBXFileReference; lastKnownFileType = folder.assetcatalog; path = Assets.xcassets; sourceTree = "<group>"; };
		B338B7DF22B7B70400CBDEC7 /* Base */ = {isa = PBXFileReference; lastKnownFileType = file.storyboard; name = Base; path = Base.lproj/LaunchScreen.storyboard; sourceTree = "<group>"; };
		B338B7E122B7B70400CBDEC7 /* Info.plist */ = {isa = PBXFileReference; lastKnownFileType = text.plist.xml; path = Info.plist; sourceTree = "<group>"; };
/* End PBXFileReference section */

/* Begin PBXFrameworksBuildPhase section */
		B338B7CD22B7B70200CBDEC7 /* Frameworks */ = {
			isa = PBXFrameworksBuildPhase;
			buildActionMask = 2147483647;
			files = (
			);
			runOnlyForDeploymentPostprocessing = 0;
		};
/* End PBXFrameworksBuildPhase section */

/* Begin PBXGroup section */
		B338B7C722B7B70200CBDEC7 = {
			isa = PBXGroup;
			children = (
				B338B7D222B7B70200CBDEC7 /* AR-App */,
				B338B7D522B7B70200CBDEC7 /* art.scnassets */,
				B338B7D122B7B70200CBDEC7 /* Products */,
			);
			sourceTree = "<group>";
		};
		B338B7D122B7B70200CBDEC7 /* Products */ = {
			isa = PBXGroup;
			children = (
				B338B7D022B7B70200CBDEC7 /* AR-App Harshit.app */,
			);
			name = Products;
			sourceTree = "<group>";
		};
		B338B7D222B7B70200CBDEC7 /* AR-App */ = {
			isa = PBXGroup;
			children = (
				B338B7D322B7B70200CBDEC7 /* AppDelegate.swift */,
				B338B7D722B7B70200CBDEC7 /* ViewController.swift */,
				B338B7D922B7B70200CBDEC7 /* Main.storyboard */,
				B338B7DC22B7B70400CBDEC7 /* Assets.xcassets */,
				B338B7DE22B7B70400CBDEC7 /* LaunchScreen.storyboard */,
				B338B7E122B7B70400CBDEC7 /* Info.plist */,
			);
			path = "AR-App";
			sourceTree = "<group>";
		};
/* End PBXGroup section */

/* Begin PBXNativeTarget section */
		B338B7CF22B7B70200CBDEC7 /* AR-App Harshit */ = {
			isa = PBXNativeTarget;
			buildConfigurationList = B338B7E422B7B70400CBDEC7 /* Build configuration list for PBXNativeTarget "AR-App Harshit" */;
			buildPhases = (
				B338B7CC22B7B70200CBDEC7 /* Sources */,
				B338B7CD22B7B70200CBDEC7 /* Frameworks */,
				B338B7CE22B7B70200CBDEC7 /* Resources */,
			);
			buildRules = (
			);
			dependencies = (
			);
			name = "AR-App Harshit";
			productName = "AR-App";
			productReference = B338B7D022B7B70200CBDEC7 /* AR-App Harshit.app */;
			productType = "com.apple.product-type.application";
		};
/* End PBXNativeTarget section */

/* Begin PBXProject section */
		B338B7C822B7B70200CBDEC7 /* Project object */ = {
			isa = PBXProject;
			attributes = {
				LastSwiftUpdateCheck = 1100;
				LastUpgradeCheck = 1100;
				ORGANIZATIONNAME = "Harshit Jindal";
				TargetAttributes = {
					B338B7CF22B7B70200CBDEC7 = {
						CreatedOnToolsVersion = 11.0;
					};
				};
			};
			buildConfigurationList = B338B7CB22B7B70200CBDEC7 /* Build configuration list for PBXProject "AR-App Harshit" */;
			compatibilityVersion = "Xcode 9.3";
			developmentRegion = en;
			hasScannedForEncodings = 0;
			knownRegions = (
				en,
				Base,
			);
			mainGroup = B338B7C722B7B70200CBDEC7;
			productRefGroup = B338B7D122B7B70200CBDEC7 /* Products */;
			projectDirPath = "";
			projectRoot = "";
			targets = (
				B338B7CF22B7B70200CBDEC7 /* AR-App Harshit */,
			);
		};
/* End PBXProject section */

/* Begin PBXResourcesBuildPhase section */
		B338B7CE22B7B70200CBDEC7 /* Resources */ = {
			isa = PBXResourcesBuildPhase;
			buildActionMask = 2147483647;
			files = (
				B338B7D622B7B70200CBDEC7 /* art.scnassets in Resources */,
				B338B7E022B7B70400CBDEC7 /* LaunchScreen.storyboard in Resources */,
				B338B7DD22B7B70400CBDEC7 /* Assets.xcassets in Resources */,
				B338B7DB22B7B70200CBDEC7 /* Main.storyboard in Resources */,
			);
			runOnlyForDeploymentPostprocessing = 0;
		};
/* End PBXResourcesBuildPhase section */

/* Begin PBXSourcesBuildPhase section */
		B338B7CC22B7B70200CBDEC7 /* Sources */ = {
			isa = PBXSourcesBuildPhase;
			buildActionMask = 2147483647;
			files = (
				B338B7D822B7B70200CBDEC7 /* ViewController.swift in Sources */,
				B338B7D422B7B70200CBDEC7 /* AppDelegate.swift in Sources */,
			);
			runOnlyForDeploymentPostprocessing = 0;
		};
/* End PBXSourcesBuildPhase section */

/* Begin PBXVariantGroup section */
		B338B7D922B7B70200CBDEC7 /* Main.storyboard */ = {
			isa = PBXVariantGroup;
			children = (
				B338B7DA22B7B70200CBDEC7 /* Base */,
			);
			name = Main.storyboard;
			sourceTree = "<group>";
		};
		B338B7DE22B7B70400CBDEC7 /* LaunchScreen.storyboard */ = {
			isa = PBXVariantGroup;
			children = (
				B338B7DF22B7B70400CBDEC7 /* Base */,
			);
			name = LaunchScreen.storyboard;
			sourceTree = "<group>";
		};
/* End PBXVariantGroup section */

/* Begin XCBuildConfiguration section */
		B338B7E222B7B70400CBDEC7 /* Debug */ = {
			isa = XCBuildConfiguration;
			buildSettings = {
				ALWAYS_SEARCH_USER_PATHS = NO;
				CLANG_ANALYZER_NONNULL = YES;
				CLANG_ANALYZER_NUMBER_OBJECT_CONVERSION = YES_AGGRESSIVE;
				CLANG_CXX_LANGUAGE_STANDARD = "gnu++14";
				CLANG_CXX_LIBRARY = "libc++";
				CLANG_ENABLE_MODULES = YES;
				CLANG_ENABLE_OBJC_ARC = YES;
				CLANG_ENABLE_OBJC_WEAK = YES;
				CLANG_WARN_BLOCK_CAPTURE_AUTORELEASING = YES;
				CLANG_WARN_BOOL_CONVERSION = YES;
				CLANG_WARN_COMMA = YES;
				CLANG_WARN_CONSTANT_CONVERSION = YES;
				CLANG_WARN_DEPRECATED_OBJC_IMPLEMENTATIONS = YES;
				CLANG_WARN_DIRECT_OBJC_ISA_USAGE = YES_ERROR;
				CLANG_WARN_DOCUMENTATION_COMMENTS = YES;
				CLANG_WARN_EMPTY_BODY = YES;
				CLANG_WARN_ENUM_CONVERSION = YES;
				CLANG_WARN_INFINITE_RECURSION = YES;
				CLANG_WARN_INT_CONVERSION = YES;
				CLANG_WARN_NON_LITERAL_NULL_CONVERSION = YES;
				CLANG_WARN_OBJC_IMPLICIT_RETAIN_SELF = YES;
				CLANG_WARN_OBJC_LITERAL_CONVERSION = YES;
				CLANG_WARN_OBJC_ROOT_CLASS = YES_ERROR;
				CLANG_WARN_RANGE_LOOP_ANALYSIS = YES;
				CLANG_WARN_STRICT_PROTOTYPES = YES;
				CLANG_WARN_SUSPICIOUS_MOVE = YES;
				CLANG_WARN_UNGUARDED_AVAILABILITY = YES_AGGRESSIVE;
				CLANG_WARN_UNREACHABLE_CODE = YES;
				CLANG_WARN__DUPLICATE_METHOD_MATCH = YES;
				COPY_PHASE_STRIP = NO;
				DEBUG_INFORMATION_FORMAT = dwarf;
				ENABLE_STRICT_OBJC_MSGSEND = YES;
				ENABLE_TESTABILITY = YES;
				GCC_C_LANGUAGE_STANDARD = gnu11;
				GCC_DYNAMIC_NO_PIC = NO;
				GCC_NO_COMMON_BLOCKS = YES;
				GCC_OPTIMIZATION_LEVEL = 0;
				GCC_PREPROCESSOR_DEFINITIONS = (
					"DEBUG=1",
					"$(inherited)",
				);
				GCC_WARN_64_TO_32_BIT_CONVERSION = YES;
				GCC_WARN_ABOUT_RETURN_TYPE = YES_ERROR;
				GCC_WARN_UNDECLARED_SELECTOR = YES;
				GCC_WARN_UNINITIALIZED_AUTOS = YES_AGGRESSIVE;
				GCC_WARN_UNUSED_FUNCTION = YES;
				GCC_WARN_UNUSED_VARIABLE = YES;
				IPHONEOS_DEPLOYMENT_TARGET = 13.0;
				MTL_ENABLE_DEBUG_INFO = INCLUDE_SOURCE;
				MTL_FAST_MATH = YES;
				ONLY_ACTIVE_ARCH = YES;
				SDKROOT = iphoneos;
				SWIFT_ACTIVE_COMPILATION_CONDITIONS = DEBUG;
				SWIFT_OPTIMIZATION_LEVEL = "-Onone";
			};
			name = Debug;
		};
		B338B7E322B7B70400CBDEC7 /* Release */ = {
			isa = XCBuildConfiguration;
			buildSettings = {
				ALWAYS_SEARCH_USER_PATHS = NO;
				CLANG_ANALYZER_NONNULL = YES;
				CLANG_ANALYZER_NUMBER_OBJECT_CONVERSION = YES_AGGRESSIVE;
				CLANG_CXX_LANGUAGE_STANDARD = "gnu++14";
				CLANG_CXX_LIBRARY = "libc++";
				CLANG_ENABLE_MODULES = YES;
				CLANG_ENABLE_OBJC_ARC = YES;
				CLANG_ENABLE_OBJC_WEAK = YES;
				CLANG_WARN_BLOCK_CAPTURE_AUTORELEASING = YES;
				CLANG_WARN_BOOL_CONVERSION = YES;
				CLANG_WARN_COMMA = YES;
				CLANG_WARN_CONSTANT_CONVERSION = YES;
				CLANG_WARN_DEPRECATED_OBJC_IMPLEMENTATIONS = YES;
				CLANG_WARN_DIRECT_OBJC_ISA_USAGE = YES_ERROR;
				CLANG_WARN_DOCUMENTATION_COMMENTS = YES;
				CLANG_WARN_EMPTY_BODY = YES;
				CLANG_WARN_ENUM_CONVERSION = YES;
				CLANG_WARN_INFINITE_RECURSION = YES;
				CLANG_WARN_INT_CONVERSION = YES;
				CLANG_WARN_NON_LITERAL_NULL_CONVERSION = YES;
				CLANG_WARN_OBJC_IMPLICIT_RETAIN_SELF = YES;
				CLANG_WARN_OBJC_LITERAL_CONVERSION = YES;
				CLANG_WARN_OBJC_ROOT_CLASS = YES_ERROR;
				CLANG_WARN_RANGE_LOOP_ANALYSIS = YES;
				CLANG_WARN_STRICT_PROTOTYPES = YES;
				CLANG_WARN_SUSPICIOUS_MOVE = YES;
				CLANG_WARN_UNGUARDED_AVAILABILITY = YES_AGGRESSIVE;
				CLANG_WARN_UNREACHABLE_CODE = YES;
				CLANG_WARN__DUPLICATE_METHOD_MATCH = YES;
				COPY_PHASE_STRIP = NO;
				DEBUG_INFORMATION_FORMAT = "dwarf-with-dsym";
				ENABLE_NS_ASSERTIONS = NO;
				ENABLE_STRICT_OBJC_MSGSEND = YES;
				GCC_C_LANGUAGE_STANDARD = gnu11;
				GCC_NO_COMMON_BLOCKS = YES;
				GCC_WARN_64_TO_32_BIT_CONVERSION = YES;
				GCC_WARN_ABOUT_RETURN_TYPE = YES_ERROR;
				GCC_WARN_UNDECLARED_SELECTOR = YES;
				GCC_WARN_UNINITIALIZED_AUTOS = YES_AGGRESSIVE;
				GCC_WARN_UNUSED_FUNCTION = YES;
				GCC_WARN_UNUSED_VARIABLE = YES;
				IPHONEOS_DEPLOYMENT_TARGET = 13.0;
				MTL_ENABLE_DEBUG_INFO = NO;
				MTL_FAST_MATH = YES;
				SDKROOT = iphoneos;
				SWIFT_COMPILATION_MODE = wholemodule;
				SWIFT_OPTIMIZATION_LEVEL = "-O";
				VALIDATE_PRODUCT = YES;
			};
			name = Release;
		};
		B338B7E522B7B70400CBDEC7 /* Debug */ = {
			isa = XCBuildConfiguration;
			buildSettings = {
				ASSETCATALOG_COMPILER_APPICON_NAME = AppIcon;
				CODE_SIGN_STYLE = Automatic;
				DEVELOPMENT_TEAM = P3ZEN42ERU;
				INFOPLIST_FILE = "AR-App/Info.plist";
				LD_RUNPATH_SEARCH_PATHS = (
					"$(inherited)",
					"@executable_path/Frameworks",
				);
				PRODUCT_BUNDLE_IDENTIFIER = com.harshitijndal.MyCam;
				PRODUCT_NAME = "$(TARGET_NAME)";
				SWIFT_VERSION = 5.0;
				TARGETED_DEVICE_FAMILY = "1,2";
			};
			name = Debug;
		};
		B338B7E622B7B70400CBDEC7 /* Release */ = {
			isa = XCBuildConfiguration;
			buildSettings = {
				ASSETCATALOG_COMPILER_APPICON_NAME = AppIcon;
				CODE_SIGN_STYLE = Automatic;
				DEVELOPMENT_TEAM = P3ZEN42ERU;
				INFOPLIST_FILE = "AR-App/Info.plist";
				LD_RUNPATH_SEARCH_PATHS = (
					"$(inherited)",
					"@executable_path/Frameworks",
				);
				PRODUCT_BUNDLE_IDENTIFIER = com.harshitijndal.MyCam;
				PRODUCT_NAME = "$(TARGET_NAME)";
				SWIFT_VERSION = 5.0;
				TARGETED_DEVICE_FAMILY = "1,2";
			};
			name = Release;
		};
/* End XCBuildConfiguration section */

/* Begin XCConfigurationList section */
		B338B7CB22B7B70200CBDEC7 /* Build configuration list for PBXProject "AR-App Harshit" */ = {
			isa = XCConfigurationList;
			buildConfigurations = (
				B338B7E222B7B70400CBDEC7 /* Debug */,
				B338B7E322B7B70400CBDEC7 /* Release */,
			);
			defaultConfigurationIsVisible = 0;
			defaultConfigurationName = Release;
		};
		B338B7E422B7B70400CBDEC7 /* Build configuration list for PBXNativeTarget "AR-App Harshit" */ = {
			isa = XCConfigurationList;
			buildConfigurations = (
				B338B7E522B7B70400CBDEC7 /* Debug */,
				B338B7E622B7B70400CBDEC7 /* Release */,
			);
			defaultConfigurationIsVisible = 0;
			defaultConfigurationName = Release;
		};
/* End XCConfigurationList section */
	};
	rootObject = B338B7C822B7B70200CBDEC7 /* Project object */;
}
